
Microsoft Visual Studio Solution File, Format Version 12.00
# Visual Studio Version 17
VisualStudioVersion = 17.2.32526.322
MinimumVisualStudioVersion = 10.0.40219.1
Project("{FAE04EC0-301F-11D3-BF4B-00C04F79EFBC}") = "PrisonSystemManagement", "PrisonSystemManagement\PrisonSystemManagement.csproj", "{864B99F7-9D5E-4742-B610-E216D7787248}"
EndProject
Global
	GlobalSection(SolutionConfigurationPlatforms) = preSolution
		Debug|Any CPU = Debug|Any CPU
		Release|Any CPU = Release|Any CPU
	EndGlobalSection
	GlobalSection(ProjectConfigurationPlatforms) = postSolution
		{864B99F7-9D5E-4742-B610-E216D7787248}.Debug|Any CPU.ActiveCfg = Debug|Any CPU
		{864B99F7-9D5E-4742-B610-E216D7787248}.Debug|Any CPU.Build.0 = Debug|Any CPU
		{864B99F7-9D5E-4742-B610-E216D7787248}.Release|Any CPU.ActiveCfg = Release|Any CPU
		{864B99F7-9D5E-4742-B610-E216D7787248}.Release|Any CPU.Build.0 = Release|Any CPU
	EndGlobalSection
	GlobalSection(SolutionProperties) = preSolution
		HideSolutionNode = FALSE
	EndGlobalSection
	GlobalSection(ExtensibilityGlobals) = postSolution
		SolutionGuid = {90B56582-4E5F-4791-8D5F-8CDF415B7D63}
	EndGlobalSection
EndGlobal
